
Microsoft Visual Studio Solution File, Format Version 12.00
# Visual Studio 15
Project("{FAE04EC0-301F-11D3-BF4B-00C04F79EFBC}") = "Assembly-CSharp", "Assembly-CSharp.csproj", "{6527EAA2-5B98-A298-B83C-42AE6C5DE5A4}"
EndProject
Project("{FAE04EC0-301F-11D3-BF4B-00C04F79EFBC}") = "Assembly-CSharp-Editor", "Assembly-CSharp-Editor.csproj", "{98319E42-B1CD-2CC2-17B4-04818B7A3AAF}"
EndProject
Global
	GlobalSection(SolutionConfigurationPlatforms) = preSolution
		Debug|Any CPU = Debug|Any CPU
		Release|Any CPU = Release|Any CPU
	EndGlobalSection
	GlobalSection(ProjectConfigurationPlatforms) = postSolution
		{6527EAA2-5B98-A298-B83C-42AE6C5DE5A4}.Debug|Any CPU.ActiveCfg = Debug|Any CPU
		{6527EAA2-5B98-A298-B83C-42AE6C5DE5A4}.Debug|Any CPU.Build.0 = Debug|Any CPU
		{6527EAA2-5B98-A298-B83C-42AE6C5DE5A4}.Release|Any CPU.ActiveCfg = Release|Any CPU
		{6527EAA2-5B98-A298-B83C-42AE6C5DE5A4}.Release|Any CPU.Build.0 = Release|Any CPU
		{98319E42-B1CD-2CC2-17B4-04818B7A3AAF}.Debug|Any CPU.ActiveCfg = Debug|Any CPU
		{98319E42-B1CD-2CC2-17B4-04818B7A3AAF}.Debug|Any CPU.Build.0 = Debug|Any CPU
		{98319E42-B1CD-2CC2-17B4-04818B7A3AAF}.Release|Any CPU.ActiveCfg = Release|Any CPU
		{98319E42-B1CD-2CC2-17B4-04818B7A3AAF}.Release|Any CPU.Build.0 = Release|Any CPU
	EndGlobalSection
	GlobalSection(SolutionProperties) = preSolution
		HideSolutionNode = FALSE
	EndGlobalSection
EndGlobal
